
Microsoft Visual Studio Solution File, Format Version 12.00
# Visual Studio Version 17
VisualStudioVersion = 17.0.32112.339
MinimumVisualStudioVersion = 10.0.40219.1
Project("{54A90642-561A-4BB1-A94E-469ADEE60C69}") = "PrivateSchoolFrontEnd", "PrivateSchoolFrontEnd\PrivateSchoolFrontEnd.esproj", "{FF9488C2-C83E-48AD-B4E1-78F5555BB1D7}"
EndProject
Project("{9A19103F-16F7-4668-BE54-9A1E7A4F7556}") = "PrivateSchoolBackEnd", "PrivateSchoolBackEnd\PrivateSchoolBackEnd.csproj", "{DE029ED4-0767-405C-A071-23A56D7DF9CA}"
EndProject
Global
	GlobalSection(SolutionConfigurationPlatforms) = preSolution
		Debug|Any CPU = Debug|Any CPU
		Release|Any CPU = Release|Any CPU
	EndGlobalSection
	GlobalSection(ProjectConfigurationPlatforms) = postSolution
		{FF9488C2-C83E-48AD-B4E1-78F5555BB1D7}.Debug|Any CPU.ActiveCfg = Debug|Any CPU
		{FF9488C2-C83E-48AD-B4E1-78F5555BB1D7}.Debug|Any CPU.Build.0 = Debug|Any CPU
		{FF9488C2-C83E-48AD-B4E1-78F5555BB1D7}.Debug|Any CPU.Deploy.0 = Debug|Any CPU
		{FF9488C2-C83E-48AD-B4E1-78F5555BB1D7}.Release|Any CPU.ActiveCfg = Release|Any CPU
		{FF9488C2-C83E-48AD-B4E1-78F5555BB1D7}.Release|Any CPU.Build.0 = Release|Any CPU
		{FF9488C2-C83E-48AD-B4E1-78F5555BB1D7}.Release|Any CPU.Deploy.0 = Release|Any CPU
		{DE029ED4-0767-405C-A071-23A56D7DF9CA}.Debug|Any CPU.ActiveCfg = Debug|Any CPU
		{DE029ED4-0767-405C-A071-23A56D7DF9CA}.Debug|Any CPU.Build.0 = Debug|Any CPU
		{DE029ED4-0767-405C-A071-23A56D7DF9CA}.Release|Any CPU.ActiveCfg = Release|Any CPU
		{DE029ED4-0767-405C-A071-23A56D7DF9CA}.Release|Any CPU.Build.0 = Release|Any CPU
	EndGlobalSection
	GlobalSection(SolutionProperties) = preSolution
		HideSolutionNode = FALSE
	EndGlobalSection
	GlobalSection(ExtensibilityGlobals) = postSolution
		SolutionGuid = {74D0F8B7-9B66-419E-8BB2-FC072B258D58}
	EndGlobalSection
EndGlobal
